// !$*UTF8*$!
{
	archiveVersion = 1;
	classes = {
	};
	objectVersion = 50;
	objects = {

/* Begin PBXBuildFile section */
		37AE18B0F905FD4C1852A1F0 /* Pods_mapsapi.framework in Frameworks */ = {isa = PBXBuildFile; fileRef = 168734EA13EB51576ADA358D /* Pods_mapsapi.framework */; };
		C5425D18225550A600033B8D /* AppDelegate.swift in Sources */ = {isa = PBXBuildFile; fileRef = C5425D17225550A600033B8D /* AppDelegate.swift */; };
		C5425D1A225550A600033B8D /* ViewController.swift in Sources */ = {isa = PBXBuildFile; fileRef = C5425D19225550A600033B8D /* ViewController.swift */; };
		C5425D1D225550A600033B8D /* Main.storyboard in Resources */ = {isa = PBXBuildFile; fileRef = C5425D1B225550A600033B8D /* Main.storyboard */; };
		C5425D1F225550A700033B8D /* Assets.xcassets in Resources */ = {isa = PBXBuildFile; fileRef = C5425D1E225550A700033B8D /* Assets.xcassets */; };
		C5425D22225550A700033B8D /* LaunchScreen.storyboard in Resources */ = {isa = PBXBuildFile; fileRef = C5425D20225550A700033B8D /* LaunchScreen.storyboard */; };
/* End PBXBuildFile section */

/* Begin PBXFileReference section */
		168734EA13EB51576ADA358D /* Pods_mapsapi.framework */ = {isa = PBXFileReference; explicitFileType = wrapper.framework; includeInIndex = 0; path = Pods_mapsapi.framework; sourceTree = BUILT_PRODUCTS_DIR; };
		B368C2F86860DE02A205947B /* Pods-mapsapi.debug.xcconfig */ = {isa = PBXFileReference; includeInIndex = 1; lastKnownFileType = text.xcconfig; name = "Pods-mapsapi.debug.xcconfig"; path = "Target Support Files/Pods-mapsapi/Pods-mapsapi.debug.xcconfig"; sourceTree = "<group>"; };
		B378E252C833569201F03CC0 /* Pods-mapsapi.release.xcconfig */ = {isa = PBXFileReference; includeInIndex = 1; lastKnownFileType = text.xcconfig; name = "Pods-mapsapi.release.xcconfig"; path = "Target Support Files/Pods-mapsapi/Pods-mapsapi.release.xcconfig"; sourceTree = "<group>"; };
		C5425D14225550A600033B8D /* mapsapi.app */ = {isa = PBXFileReference; explicitFileType = wrapper.application; includeInIndex = 0; path = mapsapi.app; sourceTree = BUILT_PRODUCTS_DIR; };
		C5425D17225550A600033B8D /* AppDelegate.swift */ = {isa = PBXFileReference; lastKnownFileType = sourcecode.swift; path = AppDelegate.swift; sourceTree = "<group>"; };
		C5425D19225550A600033B8D /* ViewController.swift */ = {isa = PBXFileReference; lastKnownFileType = sourcecode.swift; path = ViewController.swift; sourceTree = "<group>"; };
		C5425D1C225550A600033B8D /* Base */ = {isa = PBXFileReference; lastKnownFileType = file.storyboard; name = Base; path = Base.lproj/Main.storyboard; sourceTree = "<group>"; };
		C5425D1E225550A700033B8D /* Assets.xcassets */ = {isa = PBXFileReference; lastKnownFileType = folder.assetcatalog; path = Assets.xcassets; sourceTree = "<group>"; };
		C5425D21225550A700033B8D /* Base */ = {isa = PBXFileReference; lastKnownFileType = file.storyboard; name = Base; path = Base.lproj/LaunchScreen.storyboard; sourceTree = "<group>"; };
		C5425D23225550A700033B8D /* Info.plist */ = {isa = PBXFileReference; lastKnownFileType = text.plist.xml; path = Info.plist; sourceTree = "<group>"; };
/* End PBXFileReference section */

/* Begin PBXFrameworksBuildPhase section */
		C5425D11225550A600033B8D /* Frameworks */ = {
			isa = PBXFrameworksBuildPhase;
			buildActionMask = 2147483647;
			files = (
				37AE18B0F905FD4C1852A1F0 /* Pods_mapsapi.framework in Frameworks */,
			);
			runOnlyForDeploymentPostprocessing = 0;
		};
/* End PBXFrameworksBuildPhase section */

/* Begin PBXGroup section */
		287EABD8468A13929B5B1E04 /* Frameworks */ = {
			isa = PBXGroup;
			children = (
				168734EA13EB51576ADA358D /* Pods_mapsapi.framework */,
			);
			name = Frameworks;
			sourceTree = "<group>";
		};
		C5425D0B225550A600033B8D = {
			isa = PBXGroup;
			children = (
				C5425D16225550A600033B8D /* mapsapi */,
				C5425D15225550A600033B8D /* Products */,
				DB5F36DA0242AE2C07D5302F /* Pods */,
				287EABD8468A13929B5B1E04 /* Frameworks */,
			);
			sourceTree = "<group>";
		};
		C5425D15225550A600033B8D /* Products */ = {
			isa = PBXGroup;
			children = (
				C5425D14225550A600033B8D /* mapsapi.app */,
			);
			name = Products;
			sourceTree = "<group>";
		};
		C5425D16225550A600033B8D /* mapsapi */ = {
			isa = PBXGroup;
			children = (
				C5425D17225550A600033B8D /* AppDelegate.swift */,
				C5425D19225550A600033B8D /* ViewController.swift */,
				C5425D1B225550A600033B8D /* Main.storyboard */,
				C5425D1E225550A700033B8D /* Assets.xcassets */,
				C5425D20225550A700033B8D /* LaunchScreen.storyboard */,
				C5425D23225550A700033B8D /* Info.plist */,
			);
			path = mapsapi;
			sourceTree = "<group>";
		};
		DB5F36DA0242AE2C07D5302F /* Pods */ = {
			isa = PBXGroup;
			children = (
				B368C2F86860DE02A205947B /* Pods-mapsapi.debug.xcconfig */,
				B378E252C833569201F03CC0 /* Pods-mapsapi.release.xcconfig */,
			);
			name = Pods;
			path = Pods;
			sourceTree = "<group>";
		};
/* End PBXGroup section */

/* Begin PBXNativeTarget section */
		C5425D13225550A600033B8D /* mapsapi */ = {
			isa = PBXNativeTarget;
			buildConfigurationList = C5425D26225550A700033B8D /* Build configuration list for PBXNativeTarget "mapsapi" */;
			buildPhases = (
				B322DAC1B422C8E21EBFE870 /* [CP] Check Pods Manifest.lock */,
				C5425D10225550A600033B8D /* Sources */,
				C5425D11225550A600033B8D /* Frameworks */,
				C5425D12225550A600033B8D /* Resources */,
				7DAF01F98F9634C6784D0725 /* [CP] Copy Pods Resources */,
			);
			buildRules = (
			);
			dependencies = (
			);
			name = mapsapi;
			productName = mapsapi;
			productReference = C5425D14225550A600033B8D /* mapsapi.app */;
			productType = "com.apple.product-type.application";
		};
/* End PBXNativeTarget section */

/* Begin PBXProject section */
		C5425D0C225550A600033B8D /* Project object */ = {
			isa = PBXProject;
			attributes = {
				LastSwiftUpdateCheck = 1020;
				LastUpgradeCheck = 1020;
				ORGANIZATIONNAME = "Joy Paul";
				TargetAttributes = {
					C5425D13225550A600033B8D = {
						CreatedOnToolsVersion = 10.2;
					};
				};
			};
			buildConfigurationList = C5425D0F225550A600033B8D /* Build configuration list for PBXProject "mapsapi" */;
			compatibilityVersion = "Xcode 9.3";
			developmentRegion = en;
			hasScannedForEncodings = 0;
			knownRegions = (
				en,
				Base,
			);
			mainGroup = C5425D0B225550A600033B8D;
			productRefGroup = C5425D15225550A600033B8D /* Products */;
			projectDirPath = "";
			projectRoot = "";
			targets = (
				C5425D13225550A600033B8D /* mapsapi */,
			);
		};
/* End PBXProject section */

/* Begin PBXResourcesBuildPhase section */
		C5425D12225550A600033B8D /* Resources */ = {
			isa = PBXResourcesBuildPhase;
			buildActionMask = 2147483647;
			files = (
				C5425D22225550A700033B8D /* LaunchScreen.storyboard in Resources */,
				C5425D1F225550A700033B8D /* Assets.xcassets in Resources */,
				C5425D1D225550A600033B8D /* Main.storyboard in Resources */,
			);
			runOnlyForDeploymentPostprocessing = 0;
		};
/* End PBXResourcesBuildPhase section */

/* Begin PBXShellScriptBuildPhase section */
		7DAF01F98F9634C6784D0725 /* [CP] Copy Pods Resources */ = {
			isa = PBXShellScriptBuildPhase;
			buildActionMask = 2147483647;
			files = (
			);
			inputFileListPaths = (
			);
			inputPaths = (
				"${PODS_ROOT}/Target Support Files/Pods-mapsapi/Pods-mapsapi-resources.sh",
				"${PODS_ROOT}/GoogleMaps/Maps/Frameworks/GoogleMaps.framework/Resources/GoogleMaps.bundle",
				"${PODS_ROOT}/GooglePlaces/Frameworks/GooglePlaces.framework/Resources/GooglePlaces.bundle",
			);
			name = "[CP] Copy Pods Resources";
			outputFileListPaths = (
			);
			outputPaths = (
				"${TARGET_BUILD_DIR}/${UNLOCALIZED_RESOURCES_FOLDER_PATH}/GoogleMaps.bundle",
				"${TARGET_BUILD_DIR}/${UNLOCALIZED_RESOURCES_FOLDER_PATH}/GooglePlaces.bundle",
			);
			runOnlyForDeploymentPostprocessing = 0;
			shellPath = /bin/sh;
			shellScript = "\"${PODS_ROOT}/Target Support Files/Pods-mapsapi/Pods-mapsapi-resources.sh\"\n";
			showEnvVarsInLog = 0;
		};
		B322DAC1B422C8E21EBFE870 /* [CP] Check Pods Manifest.lock */ = {
			isa = PBXShellScriptBuildPhase;
			buildActionMask = 2147483647;
			files = (
			);
			inputFileListPaths = (
			);
			inputPaths = (
				"${PODS_PODFILE_DIR_PATH}/Podfile.lock",
				"${PODS_ROOT}/Manifest.lock",
			);
			name = "[CP] Check Pods Manifest.lock";
			outputFileListPaths = (
			);
			outputPaths = (
				"$(DERIVED_FILE_DIR)/Pods-mapsapi-checkManifestLockResult.txt",
			);
			runOnlyForDeploymentPostprocessing = 0;
			shellPath = /bin/sh;
			shellScript = "diff \"${PODS_PODFILE_DIR_PATH}/Podfile.lock\" \"${PODS_ROOT}/Manifest.lock\" > /dev/null\nif [ $? != 0 ] ; then\n    # print error to STDERR\n    echo \"error: The sandbox is not in sync with the Podfile.lock. Run 'pod install' or update your CocoaPods installation.\" >&2\n    exit 1\nfi\n# This output is used by Xcode 'outputs' to avoid re-running this script phase.\necho \"SUCCESS\" > \"${SCRIPT_OUTPUT_FILE_0}\"\n";
			showEnvVarsInLog = 0;
		};
/* End PBXShellScriptBuildPhase section */

/* Begin PBXSourcesBuildPhase section */
		C5425D10225550A600033B8D /* Sources */ = {
			isa = PBXSourcesBuildPhase;
			buildActionMask = 2147483647;
			files = (
				C5425D1A225550A600033B8D /* ViewController.swift in Sources */,
				C5425D18225550A600033B8D /* AppDelegate.swift in Sources */,
			);
			runOnlyForDeploymentPostprocessing = 0;
		};
/* End PBXSourcesBuildPhase section */

/* Begin PBXVariantGroup section */
		C5425D1B225550A600033B8D /* Main.storyboard */ = {
			isa = PBXVariantGroup;
			children = (
				C5425D1C225550A600033B8D /* Base */,
			);
			name = Main.storyboard;
			sourceTree = "<group>";
		};
		C5425D20225550A700033B8D /* LaunchScreen.storyboard */ = {
			isa = PBXVariantGroup;
			children = (
				C5425D21225550A700033B8D /* Base */,
			);
			name = LaunchScreen.storyboard;
			sourceTree = "<group>";
		};
/* End PBXVariantGroup section */

/* Begin XCBuildConfiguration section */
		C5425D24225550A700033B8D /* Debug */ = {
			isa = XCBuildConfiguration;
			buildSettings = {
				ALWAYS_SEARCH_USER_PATHS = NO;
				CLANG_ANALYZER_NONNULL = YES;
				CLANG_ANALYZER_NUMBER_OBJECT_CONVERSION = YES_AGGRESSIVE;
				CLANG_CXX_LANGUAGE_STANDARD = "gnu++14";
				CLANG_CXX_LIBRARY = "libc++";
				CLANG_ENABLE_MODULES = YES;
				CLANG_ENABLE_OBJC_ARC = YES;
				CLANG_ENABLE_OBJC_WEAK = YES;
				CLANG_WARN_BLOCK_CAPTURE_AUTORELEASING = YES;
				CLANG_WARN_BOOL_CONVERSION = YES;
				CLANG_WARN_COMMA = YES;
				CLANG_WARN_CONSTANT_CONVERSION = YES;
				CLANG_WARN_DEPRECATED_OBJC_IMPLEMENTATIONS = YES;
				CLANG_WARN_DIRECT_OBJC_ISA_USAGE = YES_ERROR;
				CLANG_WARN_DOCUMENTATION_COMMENTS = YES;
				CLANG_WARN_EMPTY_BODY = YES;
				CLANG_WARN_ENUM_CONVERSION = YES;
				CLANG_WARN_INFINITE_RECURSION = YES;
				CLANG_WARN_INT_CONVERSION = YES;
				CLANG_WARN_NON_LITERAL_NULL_CONVERSION = YES;
				CLANG_WARN_OBJC_IMPLICIT_RETAIN_SELF = YES;
				CLANG_WARN_OBJC_LITERAL_CONVERSION = YES;
				CLANG_WARN_OBJC_ROOT_CLASS = YES_ERROR;
				CLANG_WARN_RANGE_LOOP_ANALYSIS = YES;
				CLANG_WARN_STRICT_PROTOTYPES = YES;
				CLANG_WARN_SUSPICIOUS_MOVE = YES;
				CLANG_WARN_UNGUARDED_AVAILABILITY = YES_AGGRESSIVE;
				CLANG_WARN_UNREACHABLE_CODE = YES;
				CLANG_WARN__DUPLICATE_METHOD_MATCH = YES;
				CODE_SIGN_IDENTITY = "iPhone Developer";
				COPY_PHASE_STRIP = NO;
				DEBUG_INFORMATION_FORMAT = dwarf;
				ENABLE_STRICT_OBJC_MSGSEND = YES;
				ENABLE_TESTABILITY = YES;
				GCC_C_LANGUAGE_STANDARD = gnu11;
				GCC_DYNAMIC_NO_PIC = NO;
				GCC_NO_COMMON_BLOCKS = YES;
				GCC_OPTIMIZATION_LEVEL = 0;
				GCC_PREPROCESSOR_DEFINITIONS = (
					"DEBUG=1",
					"$(inherited)",
				);
				GCC_WARN_64_TO_32_BIT_CONVERSION = YES;
				GCC_WARN_ABOUT_RETURN_TYPE = YES_ERROR;
				GCC_WARN_UNDECLARED_SELECTOR = YES;
				GCC_WARN_UNINITIALIZED_AUTOS = YES_AGGRESSIVE;
				GCC_WARN_UNUSED_FUNCTION = YES;
				GCC_WARN_UNUSED_VARIABLE = YES;
				IPHONEOS_DEPLOYMENT_TARGET = 12.2;
				MTL_ENABLE_DEBUG_INFO = INCLUDE_SOURCE;
				MTL_FAST_MATH = YES;
				ONLY_ACTIVE_ARCH = YES;
				SDKROOT = iphoneos;
				SWIFT_ACTIVE_COMPILATION_CONDITIONS = DEBUG;
				SWIFT_OPTIMIZATION_LEVEL = "-Onone";
			};
			name = Debug;
		};
		C5425D25225550A700033B8D /* Release */ = {
			isa = XCBuildConfiguration;
			buildSettings = {
				ALWAYS_SEARCH_USER_PATHS = NO;
				CLANG_ANALYZER_NONNULL = YES;
				CLANG_ANALYZER_NUMBER_OBJECT_CONVERSION = YES_AGGRESSIVE;
				CLANG_CXX_LANGUAGE_STANDARD = "gnu++14";
				CLANG_CXX_LIBRARY = "libc++";
				CLANG_ENABLE_MODULES = YES;
				CLANG_ENABLE_OBJC_ARC = YES;
				CLANG_ENABLE_OBJC_WEAK = YES;
				CLANG_WARN_BLOCK_CAPTURE_AUTORELEASING = YES;
				CLANG_WARN_BOOL_CONVERSION = YES;
				CLANG_WARN_COMMA = YES;
				CLANG_WARN_CONSTANT_CONVERSION = YES;
				CLANG_WARN_DEPRECATED_OBJC_IMPLEMENTATIONS = YES;
				CLANG_WARN_DIRECT_OBJC_ISA_USAGE = YES_ERROR;
				CLANG_WARN_DOCUMENTATION_COMMENTS = YES;
				CLANG_WARN_EMPTY_BODY = YES;
				CLANG_WARN_ENUM_CONVERSION = YES;
				CLANG_WARN_INFINITE_RECURSION = YES;
				CLANG_WARN_INT_CONVERSION = YES;
				CLANG_WARN_NON_LITERAL_NULL_CONVERSION = YES;
				CLANG_WARN_OBJC_IMPLICIT_RETAIN_SELF = YES;
				CLANG_WARN_OBJC_LITERAL_CONVERSION = YES;
				CLANG_WARN_OBJC_ROOT_CLASS = YES_ERROR;
				CLANG_WARN_RANGE_LOOP_ANALYSIS = YES;
				CLANG_WARN_STRICT_PROTOTYPES = YES;
				CLANG_WARN_SUSPICIOUS_MOVE = YES;
				CLANG_WARN_UNGUARDED_AVAILABILITY = YES_AGGRESSIVE;
				CLANG_WARN_UNREACHABLE_CODE = YES;
				CLANG_WARN__DUPLICATE_METHOD_MATCH = YES;
				CODE_SIGN_IDENTITY = "iPhone Developer";
				COPY_PHASE_STRIP = NO;
				DEBUG_INFORMATION_FORMAT = "dwarf-with-dsym";
				ENABLE_NS_ASSERTIONS = NO;
				ENABLE_STRICT_OBJC_MSGSEND = YES;
				GCC_C_LANGUAGE_STANDARD = gnu11;
				GCC_NO_COMMON_BLOCKS = YES;
				GCC_WARN_64_TO_32_BIT_CONVERSION = YES;
				GCC_WARN_ABOUT_RETURN_TYPE = YES_ERROR;
				GCC_WARN_UNDECLARED_SELECTOR = YES;
				GCC_WARN_UNINITIALIZED_AUTOS = YES_AGGRESSIVE;
				GCC_WARN_UNUSED_FUNCTION = YES;
				GCC_WARN_UNUSED_VARIABLE = YES;
				IPHONEOS_DEPLOYMENT_TARGET = 12.2;
				MTL_ENABLE_DEBUG_INFO = NO;
				MTL_FAST_MATH = YES;
				SDKROOT = iphoneos;
				SWIFT_COMPILATION_MODE = wholemodule;
				SWIFT_OPTIMIZATION_LEVEL = "-O";
				VALIDATE_PRODUCT = YES;
			};
			name = Release;
		};
		C5425D27225550A700033B8D /* Debug */ = {
			isa = XCBuildConfiguration;
			baseConfigurationReference = B368C2F86860DE02A205947B /* Pods-mapsapi.debug.xcconfig */;
			buildSettings = {
				ASSETCATALOG_COMPILER_APPICON_NAME = AppIcon;
				CODE_SIGN_STYLE = Automatic;
				DEVELOPMENT_TEAM = BGNF8D28S2;
				INFOPLIST_FILE = mapsapi/Info.plist;
				LD_RUNPATH_SEARCH_PATHS = (
					"$(inherited)",
					"@executable_path/Frameworks",
				);
				PRODUCT_BUNDLE_IDENTIFIER = joypaul.08041995.brooklyn.ny6641.mapsapi;
				PRODUCT_NAME = "$(TARGET_NAME)";
				SWIFT_VERSION = 5.0;
				TARGETED_DEVICE_FAMILY = "1,2";
			};
			name = Debug;
		};
		C5425D28225550A700033B8D /* Release */ = {
			isa = XCBuildConfiguration;
			baseConfigurationReference = B378E252C833569201F03CC0 /* Pods-mapsapi.release.xcconfig */;
			buildSettings = {
				ASSETCATALOG_COMPILER_APPICON_NAME = AppIcon;
				CODE_SIGN_STYLE = Automatic;
				DEVELOPMENT_TEAM = BGNF8D28S2;
				INFOPLIST_FILE = mapsapi/Info.plist;
				LD_RUNPATH_SEARCH_PATHS = (
					"$(inherited)",
					"@executable_path/Frameworks",
				);
				PRODUCT_BUNDLE_IDENTIFIER = joypaul.08041995.brooklyn.ny6641.mapsapi;
				PRODUCT_NAME = "$(TARGET_NAME)";
				SWIFT_VERSION = 5.0;
				TARGETED_DEVICE_FAMILY = "1,2";
			};
			name = Release;
		};
/* End XCBuildConfiguration section */

/* Begin XCConfigurationList section */
		C5425D0F225550A600033B8D /* Build configuration list for PBXProject "mapsapi" */ = {
			isa = XCConfigurationList;
			buildConfigurations = (
				C5425D24225550A700033B8D /* Debug */,
				C5425D25225550A700033B8D /* Release */,
			);
			defaultConfigurationIsVisible = 0;
			defaultConfigurationName = Release;
		};
		C5425D26225550A700033B8D /* Build configuration list for PBXNativeTarget "mapsapi" */ = {
			isa = XCConfigurationList;
			buildConfigurations = (
				C5425D27225550A700033B8D /* Debug */,
				C5425D28225550A700033B8D /* Release */,
			);
			defaultConfigurationIsVisible = 0;
			defaultConfigurationName = Release;
		};
/* End XCConfigurationList section */
	};
	rootObject = C5425D0C225550A600033B8D /* Project object */;
}
